{
  "projects": [
    {
      "projectId": "kS7YGZfVr6mU43XDQjXELc",
      "version": "0.15.0",
      "dependencies": {},
      "lang": "ts",
      "fileLocks": [
        {
          "assetId": "kS7YGZfVr6mU43XDQjXELc",
          "type": "projectCss",
          "checksum": "e1ec850476829c38b0f9b6d4f7ac446a"
        }
      ],
      "codegenVersion": "0.0.1"
    },
    {
      "projectId": "9Vr5YWkf3w7jj6SsTcCEta",
      "version": "0.10.0",
      "dependencies": {},
      "lang": "ts",
      "fileLocks": [
        {
          "assetId": "9Vr5YWkf3w7jj6SsTcCEta",
          "type": "projectCss",
          "checksum": "e1ec850476829c38b0f9b6d4f7ac446a"
        }
      ],
      "codegenVersion": "0.0.1"
    },
    {
      "projectId": "jkU633o1Cz7HrJdwdxhVHk",
      "version": "16.10.0",
      "dependencies": {},
      "lang": "ts",
      "fileLocks": [
        {
          "assetId": "jkU633o1Cz7HrJdwdxhVHk",
          "type": "projectCss",
          "checksum": "0581d4378bb1604bb5fe3f65bb0a37de"
        }
      ],
      "codegenVersion": "0.0.1"
    },
    {
      "projectId": "ohDidvG9XsCeFumugENU3J",
      "version": "6.25.0",
      "dependencies": {},
      "lang": "ts",
      "fileLocks": [
        {
          "assetId": "ohDidvG9XsCeFumugENU3J",
          "type": "projectCss",
          "checksum": "fd83b730367fdbde2c69bc6cf31c2a3c"
        },
        {
          "assetId": "ohDidvG9XsCeFumugENU3J",
          "checksum": "de0a0e65174a6a185a8f822af51c6bdd",
          "type": "globalContexts"
        }
      ],
      "codegenVersion": "0.0.1"
    },
    {
      "projectId": "baXE3SsYaMCHDiBJBqB3Tn",
      "version": "latest",
      "dependencies": {
        "ohDidvG9XsCeFumugENU3J": "6.25.0",
        "jkU633o1Cz7HrJdwdxhVHk": "16.10.0",
        "9Vr5YWkf3w7jj6SsTcCEta": "0.10.0",
        "kS7YGZfVr6mU43XDQjXELc": "0.15.0"
      },
      "lang": "ts",
      "fileLocks": [
        {
          "type": "globalVariant",
          "assetId": "xUbUpgvTtYJQ",
          "checksum": "0625fc57418993e9e5454bcbcd73998f"
        },
        {
          "assetId": "baXE3SsYaMCHDiBJBqB3Tn",
          "type": "projectCss",
          "checksum": "0b052b88c6dfd2978b01fe2cce6169d0"
        },
        {
          "assetId": "baXE3SsYaMCHDiBJBqB3Tn",
          "checksum": "cb220b648d5987c0eecfd17023825b6d",
          "type": "globalContexts"
        },
        {
          "type": "renderModule",
          "assetId": "pyETX3xbfVKt",
          "checksum": "bfc71ad481265011a00a30b7ec735a1a"
        },
        {
          "type": "cssRules",
          "assetId": "pyETX3xbfVKt",
          "checksum": "bfc71ad481265011a00a30b7ec735a1a"
        },
        {
          "type": "renderModule",
          "assetId": "Nf47RHCOP0BH",
          "checksum": "2c05c1912c139f5cae52431b39743322"
        },
        {
          "type": "cssRules",
          "assetId": "Nf47RHCOP0BH",
          "checksum": "2c05c1912c139f5cae52431b39743322"
        },
        {
          "type": "renderModule",
          "assetId": "sv3zrYMmR3my",
          "checksum": "9eac392de465fca962e6715f89cd9673"
        },
        {
          "type": "cssRules",
          "assetId": "sv3zrYMmR3my",
          "checksum": "9eac392de465fca962e6715f89cd9673"
        },
        {
          "type": "renderModule",
          "assetId": "apwIdb-rK0OQ",
          "checksum": "24ca03a27db9a55cbbc9992fc2a0a8f4"
        },
        {
          "type": "cssRules",
          "assetId": "apwIdb-rK0OQ",
          "checksum": "24ca03a27db9a55cbbc9992fc2a0a8f4"
        },
        {
          "type": "renderModule",
          "assetId": "pyN2gUpItbQk",
          "checksum": "c6a9ff3e73653b1ba9d0794674b27af9"
        },
        {
          "type": "cssRules",
          "assetId": "pyN2gUpItbQk",
          "checksum": "c6a9ff3e73653b1ba9d0794674b27af9"
        },
        {
          "type": "renderModule",
          "assetId": "mufDE1tN9H48",
          "checksum": "86a0d1308a3d1ef7b6a07d4fb5bf099f"
        },
        {
          "type": "cssRules",
          "assetId": "mufDE1tN9H48",
          "checksum": "86a0d1308a3d1ef7b6a07d4fb5bf099f"
        },
        {
          "type": "renderModule",
          "assetId": "UPpoo8wortBf",
          "checksum": "fd24c97a912511fc9ba9487266a11446"
        },
        {
          "type": "cssRules",
          "assetId": "UPpoo8wortBf",
          "checksum": "fd24c97a912511fc9ba9487266a11446"
        },
        {
          "type": "renderModule",
          "assetId": "rhC6_NgMN_gP",
          "checksum": "438aa1a6beed4fcfcbea7b0732872288"
        },
        {
          "type": "cssRules",
          "assetId": "rhC6_NgMN_gP",
          "checksum": "438aa1a6beed4fcfcbea7b0732872288"
        },
        {
          "type": "icon",
          "assetId": "E7GeNg4HgoZe",
          "checksum": "f7a2371a4dfe874ee69b21302676a6bd"
        },
        {
          "type": "icon",
          "assetId": "70y2pEeVs-27",
          "checksum": "b0f156a865abd2c8e8090613e68973f9"
        },
        {
          "type": "image",
          "assetId": "lfkBLiOHx4V7",
          "checksum": "10dda05adcc5f60ceb5fc4bc4660c767"
        },
        {
          "type": "image",
          "assetId": "Ac28HLUWiL80",
          "checksum": "a83b29a265122d247de138b9c732d8ce"
        },
        {
          "type": "image",
          "assetId": "5_gIEh7G0z01",
          "checksum": "35aecf8a19d1d02b53bd9f8ceb3dac71"
        },
        {
          "type": "image",
          "assetId": "yGTIJSqDjeN-",
          "checksum": "af7b758de7adcfac1c818c5096e31400"
        },
        {
          "type": "image",
          "assetId": "qBfZIBKpKnLn",
          "checksum": "c0458e6ebbd974457f77bfc88d7d2ab0"
        },
        {
          "type": "image",
          "assetId": "5rRaULmFu7Ss",
          "checksum": "3ae53f0175e877c3d400a8c14521295d"
        },
        {
          "type": "image",
          "assetId": "TpJCHKUuHdjq",
          "checksum": "42842ebcd60e3a2dd11ab6f4c6473192"
        },
        {
          "type": "image",
          "assetId": "MTDYv57dE1TP",
          "checksum": "006e15fd9fe6d189e52f210918261ee2"
        },
        {
          "type": "image",
          "assetId": "BNrXKmKYm6Ry",
          "checksum": "3fcdc3a9903996561a750c2691bbc1f5"
        },
        {
          "type": "image",
          "assetId": "-r4k5Pt8pUAu",
          "checksum": "05db68d45ce397da5e055b0ec2d8f30b"
        },
        {
          "type": "image",
          "assetId": "tjwSLTkIwLxI",
          "checksum": "ada5c2f7aeb42b19e9c4eaf61f348a1d"
        },
        {
          "type": "image",
          "assetId": "KxlF9AKiU7E_",
          "checksum": "50c8b12157862ba13fc5340c0128bad1"
        },
        {
          "type": "image",
          "assetId": "f_rVqB116ymC",
          "checksum": "a34c46b5927c4cc20dfff027dba8bc73"
        },
        {
          "type": "image",
          "assetId": "Vjst9QpuemJK",
          "checksum": "8320cefe22fa0470b4e8af1d387f1670"
        },
        {
          "type": "image",
          "assetId": "H0g-4BiX7FXn",
          "checksum": "05309ce39cd3d18dd1b582142c539680"
        },
        {
          "type": "image",
          "assetId": "KuPCLU841d_n",
          "checksum": "7564737bc48630e50e939a26593730fd"
        }
      ],
      "codegenVersion": "0.0.1"
    }
  ],
  "cliVersion": "0.1.331"
}
